// !$*UTF8*$!
{
	archiveVersion = 1;
	classes = {
	};
	objectVersion = 46;
	objects = {

/* Begin PBXBuildFile section */
		64FB71C8142B4BBA009C3860 /* Cocoa.framework in Frameworks */ = {isa = PBXBuildFile; fileRef = 64FB71C7142B4BBA009C3860 /* Cocoa.framework */; };
		64FB71D2142B4BBA009C3860 /* InfoPlist.strings in Resources */ = {isa = PBXBuildFile; fileRef = 64FB71D0142B4BBA009C3860 /* InfoPlist.strings */; };
		64FB71D4142B4BBA009C3860 /* main.m in Sources */ = {isa = PBXBuildFile; fileRef = 64FB71D3142B4BBA009C3860 /* main.m */; };
		64FB71D8142B4BBA009C3860 /* Credits.rtf in Resources */ = {isa = PBXBuildFile; fileRef = 64FB71D6142B4BBA009C3860 /* Credits.rtf */; };
		64FB71DB142B4BBA009C3860 /* RecipeMonsterAppDelegate.m in Sources */ = {isa = PBXBuildFile; fileRef = 64FB71DA142B4BBA009C3860 /* RecipeMonsterAppDelegate.m */; };
		64FB71DE142B4BBA009C3860 /* MainMenu.xib in Resources */ = {isa = PBXBuildFile; fileRef = 64FB71DC142B4BBA009C3860 /* MainMenu.xib */; };
		64FB71E1142B4BBB009C3860 /* RecipeMonster.xcdatamodeld in Sources */ = {isa = PBXBuildFile; fileRef = 64FB71DF142B4BBB009C3860 /* RecipeMonster.xcdatamodeld */; };
		64FB71EE142B4CE0009C3860 /* PTY_CoreData+Convenience.m in Sources */ = {isa = PBXBuildFile; fileRef = 64FB71ED142B4CE0009C3860 /* PTY_CoreData+Convenience.m */; };
		64FB71F1142B4CFC009C3860 /* Download.png in Resources */ = {isa = PBXBuildFile; fileRef = 64FB71F0142B4CFC009C3860 /* Download.png */; };
		64FB71F7142B4DB1009C3860 /* PTYNSImageJPEGTransformer.m in Sources */ = {isa = PBXBuildFile; fileRef = 64FB71F6142B4DB1009C3860 /* PTYNSImageJPEGTransformer.m */; };
		64FB71FA142B4E57009C3860 /* Recipe.m in Sources */ = {isa = PBXBuildFile; fileRef = 64FB71F9142B4E57009C3860 /* Recipe.m */; };
		64FB71FD142B4FFA009C3860 /* RecipeWindowController.m in Sources */ = {isa = PBXBuildFile; fileRef = 64FB71FC142B4FFA009C3860 /* RecipeWindowController.m */; };
		64FB71FF142B500D009C3860 /* RecipeWindow.xib in Resources */ = {isa = PBXBuildFile; fileRef = 64FB71FE142B500D009C3860 /* RecipeWindow.xib */; };
/* End PBXBuildFile section */

/* Begin PBXFileReference section */
		64FB71C3142B4BBA009C3860 /* RecipeMonster.app */ = {isa = PBXFileReference; explicitFileType = wrapper.application; includeInIndex = 0; path = RecipeMonster.app; sourceTree = BUILT_PRODUCTS_DIR; };
		64FB71C7142B4BBA009C3860 /* Cocoa.framework */ = {isa = PBXFileReference; lastKnownFileType = wrapper.framework; name = Cocoa.framework; path = System/Library/Frameworks/Cocoa.framework; sourceTree = SDKROOT; };
		64FB71CA142B4BBA009C3860 /* AppKit.framework */ = {isa = PBXFileReference; lastKnownFileType = wrapper.framework; name = AppKit.framework; path = System/Library/Frameworks/AppKit.framework; sourceTree = SDKROOT; };
		64FB71CB142B4BBA009C3860 /* CoreData.framework */ = {isa = PBXFileReference; lastKnownFileType = wrapper.framework; name = CoreData.framework; path = System/Library/Frameworks/CoreData.framework; sourceTree = SDKROOT; };
		64FB71CC142B4BBA009C3860 /* Foundation.framework */ = {isa = PBXFileReference; lastKnownFileType = wrapper.framework; name = Foundation.framework; path = System/Library/Frameworks/Foundation.framework; sourceTree = SDKROOT; };
		64FB71CF142B4BBA009C3860 /* RecipeMonster-Info.plist */ = {isa = PBXFileReference; lastKnownFileType = text.plist.xml; path = "RecipeMonster-Info.plist"; sourceTree = "<group>"; };
		64FB71D1142B4BBA009C3860 /* en */ = {isa = PBXFileReference; lastKnownFileType = text.plist.strings; name = en; path = en.lproj/InfoPlist.strings; sourceTree = "<group>"; };
		64FB71D3142B4BBA009C3860 /* main.m */ = {isa = PBXFileReference; lastKnownFileType = sourcecode.c.objc; path = main.m; sourceTree = "<group>"; };
		64FB71D5142B4BBA009C3860 /* RecipeMonster-Prefix.pch */ = {isa = PBXFileReference; lastKnownFileType = sourcecode.c.h; path = "RecipeMonster-Prefix.pch"; sourceTree = "<group>"; };
		64FB71D7142B4BBA009C3860 /* en */ = {isa = PBXFileReference; lastKnownFileType = text.rtf; name = en; path = en.lproj/Credits.rtf; sourceTree = "<group>"; };
		64FB71D9142B4BBA009C3860 /* RecipeMonsterAppDelegate.h */ = {isa = PBXFileReference; lastKnownFileType = sourcecode.c.h; path = RecipeMonsterAppDelegate.h; sourceTree = "<group>"; };
		64FB71DA142B4BBA009C3860 /* RecipeMonsterAppDelegate.m */ = {isa = PBXFileReference; lastKnownFileType = sourcecode.c.objc; path = RecipeMonsterAppDelegate.m; sourceTree = "<group>"; };
		64FB71DD142B4BBA009C3860 /* en */ = {isa = PBXFileReference; lastKnownFileType = file.xib; name = en; path = en.lproj/MainMenu.xib; sourceTree = "<group>"; };
		64FB71E0142B4BBB009C3860 /* RecipeMonster.xcdatamodel */ = {isa = PBXFileReference; lastKnownFileType = wrapper.xcdatamodel; path = RecipeMonster.xcdatamodel; sourceTree = "<group>"; };
		64FB71EC142B4CE0009C3860 /* PTY_CoreData+Convenience.h */ = {isa = PBXFileReference; fileEncoding = 4; lastKnownFileType = sourcecode.c.h; path = "PTY_CoreData+Convenience.h"; sourceTree = "<group>"; };
		64FB71ED142B4CE0009C3860 /* PTY_CoreData+Convenience.m */ = {isa = PBXFileReference; fileEncoding = 4; lastKnownFileType = sourcecode.c.objc; path = "PTY_CoreData+Convenience.m"; sourceTree = "<group>"; };
		64FB71F0142B4CFC009C3860 /* Download.png */ = {isa = PBXFileReference; lastKnownFileType = image.png; path = Download.png; sourceTree = "<group>"; };
		64FB71F5142B4DB1009C3860 /* PTYNSImageJPEGTransformer.h */ = {isa = PBXFileReference; fileEncoding = 4; lastKnownFileType = sourcecode.c.h; path = PTYNSImageJPEGTransformer.h; sourceTree = "<group>"; };
		64FB71F6142B4DB1009C3860 /* PTYNSImageJPEGTransformer.m */ = {isa = PBXFileReference; fileEncoding = 4; lastKnownFileType = sourcecode.c.objc; path = PTYNSImageJPEGTransformer.m; sourceTree = "<group>"; };
		64FB71F8142B4E57009C3860 /* Recipe.h */ = {isa = PBXFileReference; fileEncoding = 4; lastKnownFileType = sourcecode.c.h; path = Recipe.h; sourceTree = "<group>"; };
		64FB71F9142B4E57009C3860 /* Recipe.m */ = {isa = PBXFileReference; fileEncoding = 4; lastKnownFileType = sourcecode.c.objc; path = Recipe.m; sourceTree = "<group>"; };
		64FB71FB142B4FFA009C3860 /* RecipeWindowController.h */ = {isa = PBXFileReference; fileEncoding = 4; lastKnownFileType = sourcecode.c.h; path = RecipeWindowController.h; sourceTree = "<group>"; };
		64FB71FC142B4FFA009C3860 /* RecipeWindowController.m */ = {isa = PBXFileReference; fileEncoding = 4; lastKnownFileType = sourcecode.c.objc; path = RecipeWindowController.m; sourceTree = "<group>"; };
		64FB71FE142B500D009C3860 /* RecipeWindow.xib */ = {isa = PBXFileReference; fileEncoding = 4; lastKnownFileType = file.xib; path = RecipeWindow.xib; sourceTree = "<group>"; };
/* End PBXFileReference section */

/* Begin PBXFrameworksBuildPhase section */
		64FB71C0142B4BBA009C3860 /* Frameworks */ = {
			isa = PBXFrameworksBuildPhase;
			buildActionMask = 2147483647;
			files = (
				64FB71C8142B4BBA009C3860 /* Cocoa.framework in Frameworks */,
			);
			runOnlyForDeploymentPostprocessing = 0;
		};
/* End PBXFrameworksBuildPhase section */

/* Begin PBXGroup section */
		64FB71B8142B4BBA009C3860 = {
			isa = PBXGroup;
			children = (
				64FB71EF142B4CE5009C3860 /* Resources */,
				64FB71EB142B4CD1009C3860 /* Externals */,
				64FB71CD142B4BBA009C3860 /* RecipeMonster */,
				64FB71C6142B4BBA009C3860 /* Frameworks */,
				64FB71C4142B4BBA009C3860 /* Products */,
			);
			sourceTree = "<group>";
		};
		64FB71C4142B4BBA009C3860 /* Products */ = {
			isa = PBXGroup;
			children = (
				64FB71C3142B4BBA009C3860 /* RecipeMonster.app */,
			);
			name = Products;
			sourceTree = "<group>";
		};
		64FB71C6142B4BBA009C3860 /* Frameworks */ = {
			isa = PBXGroup;
			children = (
				64FB71C7142B4BBA009C3860 /* Cocoa.framework */,
				64FB71C9142B4BBA009C3860 /* Other Frameworks */,
			);
			name = Frameworks;
			sourceTree = "<group>";
		};
		64FB71C9142B4BBA009C3860 /* Other Frameworks */ = {
			isa = PBXGroup;
			children = (
				64FB71CA142B4BBA009C3860 /* AppKit.framework */,
				64FB71CB142B4BBA009C3860 /* CoreData.framework */,
				64FB71CC142B4BBA009C3860 /* Foundation.framework */,
			);
			name = "Other Frameworks";
			sourceTree = "<group>";
		};
		64FB71CD142B4BBA009C3860 /* RecipeMonster */ = {
			isa = PBXGroup;
			children = (
				64FB71D9142B4BBA009C3860 /* RecipeMonsterAppDelegate.h */,
				64FB71DA142B4BBA009C3860 /* RecipeMonsterAppDelegate.m */,
				64FB71DC142B4BBA009C3860 /* MainMenu.xib */,
				64FB71DF142B4BBB009C3860 /* RecipeMonster.xcdatamodeld */,
				64FB71F8142B4E57009C3860 /* Recipe.h */,
				64FB71F9142B4E57009C3860 /* Recipe.m */,
				64FB71CE142B4BBA009C3860 /* Supporting Files */,
				64FB71FB142B4FFA009C3860 /* RecipeWindowController.h */,
				64FB71FC142B4FFA009C3860 /* RecipeWindowController.m */,
				64FB71FE142B500D009C3860 /* RecipeWindow.xib */,
			);
			path = RecipeMonster;
			sourceTree = "<group>";
		};
		64FB71CE142B4BBA009C3860 /* Supporting Files */ = {
			isa = PBXGroup;
			children = (
				64FB71CF142B4BBA009C3860 /* RecipeMonster-Info.plist */,
				64FB71D0142B4BBA009C3860 /* InfoPlist.strings */,
				64FB71D3142B4BBA009C3860 /* main.m */,
				64FB71D5142B4BBA009C3860 /* RecipeMonster-Prefix.pch */,
				64FB71D6142B4BBA009C3860 /* Credits.rtf */,
			);
			name = "Supporting Files";
			sourceTree = "<group>";
		};
		64FB71EB142B4CD1009C3860 /* Externals */ = {
			isa = PBXGroup;
			children = (
				64FB71EC142B4CE0009C3860 /* PTY_CoreData+Convenience.h */,
				64FB71ED142B4CE0009C3860 /* PTY_CoreData+Convenience.m */,
				64FB71F5142B4DB1009C3860 /* PTYNSImageJPEGTransformer.h */,
				64FB71F6142B4DB1009C3860 /* PTYNSImageJPEGTransformer.m */,
			);
			name = Externals;
			sourceTree = "<group>";
		};
		64FB71EF142B4CE5009C3860 /* Resources */ = {
			isa = PBXGroup;
			children = (
				64FB71F0142B4CFC009C3860 /* Download.png */,
			);
			name = Resources;
			sourceTree = "<group>";
		};
/* End PBXGroup section */

/* Begin PBXNativeTarget section */
		64FB71C2142B4BBA009C3860 /* RecipeMonster */ = {
			isa = PBXNativeTarget;
			buildConfigurationList = 64FB71E4142B4BBB009C3860 /* Build configuration list for PBXNativeTarget "RecipeMonster" */;
			buildPhases = (
				64FB71BF142B4BBA009C3860 /* Sources */,
				64FB71C0142B4BBA009C3860 /* Frameworks */,
				64FB71C1142B4BBA009C3860 /* Resources */,
			);
			buildRules = (
			);
			dependencies = (
			);
			name = RecipeMonster;
			productName = RecipeMonster;
			productReference = 64FB71C3142B4BBA009C3860 /* RecipeMonster.app */;
			productType = "com.apple.product-type.application";
		};
/* End PBXNativeTarget section */

/* Begin PBXProject section */
		64FB71BA142B4BBA009C3860 /* Project object */ = {
			isa = PBXProject;
			attributes = {
				ORGANIZATIONNAME = "Pumptheory Pty Ltd";
			};
			buildConfigurationList = 64FB71BD142B4BBA009C3860 /* Build configuration list for PBXProject "RecipeMonster" */;
			compatibilityVersion = "Xcode 3.2";
			developmentRegion = English;
			hasScannedForEncodings = 0;
			knownRegions = (
				en,
			);
			mainGroup = 64FB71B8142B4BBA009C3860;
			productRefGroup = 64FB71C4142B4BBA009C3860 /* Products */;
			projectDirPath = "";
			projectRoot = "";
			targets = (
				64FB71C2142B4BBA009C3860 /* RecipeMonster */,
			);
		};
/* End PBXProject section */

/* Begin PBXResourcesBuildPhase section */
		64FB71C1142B4BBA009C3860 /* Resources */ = {
			isa = PBXResourcesBuildPhase;
			buildActionMask = 2147483647;
			files = (
				64FB71D2142B4BBA009C3860 /* InfoPlist.strings in Resources */,
				64FB71D8142B4BBA009C3860 /* Credits.rtf in Resources */,
				64FB71DE142B4BBA009C3860 /* MainMenu.xib in Resources */,
				64FB71F1142B4CFC009C3860 /* Download.png in Resources */,
				64FB71FF142B500D009C3860 /* RecipeWindow.xib in Resources */,
			);
			runOnlyForDeploymentPostprocessing = 0;
		};
/* End PBXResourcesBuildPhase section */

/* Begin PBXSourcesBuildPhase section */
		64FB71BF142B4BBA009C3860 /* Sources */ = {
			isa = PBXSourcesBuildPhase;
			buildActionMask = 2147483647;
			files = (
				64FB71D4142B4BBA009C3860 /* main.m in Sources */,
				64FB71DB142B4BBA009C3860 /* RecipeMonsterAppDelegate.m in Sources */,
				64FB71E1142B4BBB009C3860 /* RecipeMonster.xcdatamodeld in Sources */,
				64FB71EE142B4CE0009C3860 /* PTY_CoreData+Convenience.m in Sources */,
				64FB71F7142B4DB1009C3860 /* PTYNSImageJPEGTransformer.m in Sources */,
				64FB71FA142B4E57009C3860 /* Recipe.m in Sources */,
				64FB71FD142B4FFA009C3860 /* RecipeWindowController.m in Sources */,
			);
			runOnlyForDeploymentPostprocessing = 0;
		};
/* End PBXSourcesBuildPhase section */

/* Begin PBXVariantGroup section */
		64FB71D0142B4BBA009C3860 /* InfoPlist.strings */ = {
			isa = PBXVariantGroup;
			children = (
				64FB71D1142B4BBA009C3860 /* en */,
			);
			name = InfoPlist.strings;
			sourceTree = "<group>";
		};
		64FB71D6142B4BBA009C3860 /* Credits.rtf */ = {
			isa = PBXVariantGroup;
			children = (
				64FB71D7142B4BBA009C3860 /* en */,
			);
			name = Credits.rtf;
			sourceTree = "<group>";
		};
		64FB71DC142B4BBA009C3860 /* MainMenu.xib */ = {
			isa = PBXVariantGroup;
			children = (
				64FB71DD142B4BBA009C3860 /* en */,
			);
			name = MainMenu.xib;
			sourceTree = "<group>";
		};
/* End PBXVariantGroup section */

/* Begin XCBuildConfiguration section */
		64FB71E2142B4BBB009C3860 /* Debug */ = {
			isa = XCBuildConfiguration;
			buildSettings = {
				ALWAYS_SEARCH_USER_PATHS = NO;
				ARCHS = "$(ARCHS_STANDARD_64_BIT)";
				COPY_PHASE_STRIP = NO;
				GCC_C_LANGUAGE_STANDARD = gnu99;
				GCC_DYNAMIC_NO_PIC = NO;
				GCC_ENABLE_OBJC_EXCEPTIONS = YES;
				GCC_ENABLE_OBJC_GC = required;
				GCC_OPTIMIZATION_LEVEL = 0;
				GCC_PREPROCESSOR_DEFINITIONS = (
					"DEBUG=1",
					"$(inherited)",
				);
				GCC_SYMBOLS_PRIVATE_EXTERN = NO;
				GCC_VERSION = com.apple.compilers.llvm.clang.1_0;
				GCC_WARN_64_TO_32_BIT_CONVERSION = YES;
				GCC_WARN_ABOUT_MISSING_PROTOTYPES = YES;
				GCC_WARN_ABOUT_RETURN_TYPE = YES;
				GCC_WARN_UNUSED_VARIABLE = YES;
				MACOSX_DEPLOYMENT_TARGET = 10.7;
				ONLY_ACTIVE_ARCH = YES;
				SDKROOT = macosx;
			};
			name = Debug;
		};
		64FB71E3142B4BBB009C3860 /* Release */ = {
			isa = XCBuildConfiguration;
			buildSettings = {
				ALWAYS_SEARCH_USER_PATHS = NO;
				ARCHS = "$(ARCHS_STANDARD_64_BIT)";
				COPY_PHASE_STRIP = YES;
				DEBUG_INFORMATION_FORMAT = "dwarf-with-dsym";
				GCC_C_LANGUAGE_STANDARD = gnu99;
				GCC_ENABLE_OBJC_EXCEPTIONS = YES;
				GCC_ENABLE_OBJC_GC = required;
				GCC_VERSION = com.apple.compilers.llvm.clang.1_0;
				GCC_WARN_64_TO_32_BIT_CONVERSION = YES;
				GCC_WARN_ABOUT_MISSING_PROTOTYPES = YES;
				GCC_WARN_ABOUT_RETURN_TYPE = YES;
				GCC_WARN_UNUSED_VARIABLE = YES;
				MACOSX_DEPLOYMENT_TARGET = 10.7;
				SDKROOT = macosx;
			};
			name = Release;
		};
		64FB71E5142B4BBB009C3860 /* Debug */ = {
			isa = XCBuildConfiguration;
			buildSettings = {
				GCC_PRECOMPILE_PREFIX_HEADER = YES;
				GCC_PREFIX_HEADER = "RecipeMonster/RecipeMonster-Prefix.pch";
				INFOPLIST_FILE = "RecipeMonster/RecipeMonster-Info.plist";
				PRODUCT_NAME = "$(TARGET_NAME)";
				WRAPPER_EXTENSION = app;
			};
			name = Debug;
		};
		64FB71E6142B4BBB009C3860 /* Release */ = {
			isa = XCBuildConfiguration;
			buildSettings = {
				GCC_PRECOMPILE_PREFIX_HEADER = YES;
				GCC_PREFIX_HEADER = "RecipeMonster/RecipeMonster-Prefix.pch";
				INFOPLIST_FILE = "RecipeMonster/RecipeMonster-Info.plist";
				PRODUCT_NAME = "$(TARGET_NAME)";
				WRAPPER_EXTENSION = app;
			};
			name = Release;
		};
/* End XCBuildConfiguration section */

/* Begin XCConfigurationList section */
		64FB71BD142B4BBA009C3860 /* Build configuration list for PBXProject "RecipeMonster" */ = {
			isa = XCConfigurationList;
			buildConfigurations = (
				64FB71E2142B4BBB009C3860 /* Debug */,
				64FB71E3142B4BBB009C3860 /* Release */,
			);
			defaultConfigurationIsVisible = 0;
			defaultConfigurationName = Release;
		};
		64FB71E4142B4BBB009C3860 /* Build configuration list for PBXNativeTarget "RecipeMonster" */ = {
			isa = XCConfigurationList;
			buildConfigurations = (
				64FB71E5142B4BBB009C3860 /* Debug */,
				64FB71E6142B4BBB009C3860 /* Release */,
			);
			defaultConfigurationIsVisible = 0;
		};
/* End XCConfigurationList section */

/* Begin XCVersionGroup section */
		64FB71DF142B4BBB009C3860 /* RecipeMonster.xcdatamodeld */ = {
			isa = XCVersionGroup;
			children = (
				64FB71E0142B4BBB009C3860 /* RecipeMonster.xcdatamodel */,
			);
			currentVersion = 64FB71E0142B4BBB009C3860 /* RecipeMonster.xcdatamodel */;
			path = RecipeMonster.xcdatamodeld;
			sourceTree = "<group>";
			versionGroupType = wrapper.xcdatamodel;
		};
/* End XCVersionGroup section */
	};
	rootObject = 64FB71BA142B4BBA009C3860 /* Project object */;
}
